{
  "nodes": {
    "disko": {
      "inputs": {
        "nixpkgs": [
          "nixpkgs"
        ]
      },
      "locked": {
        "lastModified": 1689152829,
        "narHash": "sha256-Eu+mMX7YDaALLdttrGBbmYB83mJ+AtFRW3YV87Ih3/s=",
        "owner": "nix-community",
        "repo": "disko",
        "rev": "610e337bb2e354c34a5fa1c6822375a688efb0d7",
        "type": "github"
      },
      "original": {
        "owner": "nix-community",
        "repo": "disko",
        "type": "github"
      }
    },
    "impermanence": {
      "locked": {
        "lastModified": 1684264534,
        "narHash": "sha256-K0zr+ry3FwIo3rN2U/VWAkCJSgBslBisvfRIPwMbuCQ=",
        "owner": "nix-community",
        "repo": "impermanence",
        "rev": "89253fb1518063556edd5e54509c30ac3089d5e6",
        "type": "github"
      },
      "original": {
        "owner": "nix-community",
        "repo": "impermanence",
        "type": "github"
      }
    },
    "nixpkgs": {
      "locked": {
        "lastModified": 1689137672,
        "narHash": "sha256-QZoHxr0a73x6rQcAo5CiwYpysHbSnk7lAR8/16um7mM=",
        "owner": "NixOS",
        "repo": "nixpkgs",
        "rev": "98da3dd0de6660d4abed7bb74e748694bd803413",
        "type": "github"
      },
      "original": {
        "id": "nixpkgs",
        "ref": "nixos-23.05",
        "type": "indirect"
      }
    },
    "nixpkgs-unstable": {
      "locked": {
        "lastModified": 1689098530,
        "narHash": "sha256-fxc/9f20wRyo/5ydkmZkX/Sh/ULa7RcT8h+cUv8p/44=",
        "owner": "NixOS",
        "repo": "nixpkgs",
        "rev": "f2406198ea0e4e37d4380d0e20336c575b8f8ef9",
        "type": "github"
      },
      "original": {
        "id": "nixpkgs",
        "ref": "nixos-unstable",
        "type": "indirect"
      }
    },
    "root": {
      "inputs": {
        "disko": "disko",
        "impermanence": "impermanence",
        "nixpkgs": "nixpkgs",
        "nixpkgs-unstable": "nixpkgs-unstable"
      }
    }
  },
  "root": "root",
  "version": 7
}
